
Microsoft Visual Studio Solution File, Format Version 12.00
# Visual Studio Version 17
VisualStudioVersion = 17.0.31903.59
MinimumVisualStudioVersion = 10.0.40219.1
Project("{2150E333-8FDC-42A3-9474-1A3956D46DE8}") = "src", "src", "{69561D2E-1BE6-4093-A035-30C7998282C3}"
EndProject
Project("{FAE04EC0-301F-11D3-BF4B-00C04F79EFBC}") = "Gesturing", "src\Gesturing\Gesturing.csproj", "{CA3E1365-406B-4AF9-81DC-199DE14430BF}"
EndProject
Global
	GlobalSection(SolutionConfigurationPlatforms) = preSolution
		Debug|Any CPU = Debug|Any CPU
		Release|Any CPU = Release|Any CPU
	EndGlobalSection
	GlobalSection(SolutionProperties) = preSolution
		HideSolutionNode = FALSE
	EndGlobalSection
	GlobalSection(ProjectConfigurationPlatforms) = postSolution
		{CA3E1365-406B-4AF9-81DC-199DE14430BF}.Debug|Any CPU.ActiveCfg = Debug|Any CPU
		{CA3E1365-406B-4AF9-81DC-199DE14430BF}.Debug|Any CPU.Build.0 = Debug|Any CPU
		{CA3E1365-406B-4AF9-81DC-199DE14430BF}.Release|Any CPU.ActiveCfg = Release|Any CPU
		{CA3E1365-406B-4AF9-81DC-199DE14430BF}.Release|Any CPU.Build.0 = Release|Any CPU
	EndGlobalSection
	GlobalSection(NestedProjects) = preSolution
		{CA3E1365-406B-4AF9-81DC-199DE14430BF} = {69561D2E-1BE6-4093-A035-30C7998282C3}
	EndGlobalSection
EndGlobal
